
Microsoft Visual Studio Solution File, Format Version 12.00
# Visual Studio Version 17
VisualStudioVersion = 17.5.002.0
MinimumVisualStudioVersion = 10.0.40219.1
Project("{9A19103F-16F7-4668-BE54-9A1E7A4F7556}") = "exercicioC#4", "exercicioC#4.csproj", "{9C8578FF-78EC-4A36-9A15-4E1351296049}"
EndProject
Global
	GlobalSection(SolutionConfigurationPlatforms) = preSolution
		Debug|Any CPU = Debug|Any CPU
		Release|Any CPU = Release|Any CPU
	EndGlobalSection
	GlobalSection(ProjectConfigurationPlatforms) = postSolution
		{9C8578FF-78EC-4A36-9A15-4E1351296049}.Debug|Any CPU.ActiveCfg = Debug|Any CPU
		{9C8578FF-78EC-4A36-9A15-4E1351296049}.Debug|Any CPU.Build.0 = Debug|Any CPU
		{9C8578FF-78EC-4A36-9A15-4E1351296049}.Release|Any CPU.ActiveCfg = Release|Any CPU
		{9C8578FF-78EC-4A36-9A15-4E1351296049}.Release|Any CPU.Build.0 = Release|Any CPU
	EndGlobalSection
	GlobalSection(SolutionProperties) = preSolution
		HideSolutionNode = FALSE
	EndGlobalSection
	GlobalSection(ExtensibilityGlobals) = postSolution
		SolutionGuid = {E3E20268-68E1-463F-A5D8-9539EA0A0FCC}
	EndGlobalSection
EndGlobal
